// !$*UTF8*$!
{
	archiveVersion = 1;
	classes = {
	};
	objectVersion = 51;
	objects = {

/* Begin PBXBuildFile section */
		9B0304B467490533300F7F37 /* Pods_Notes.framework in Frameworks */ = {isa = PBXBuildFile; fileRef = F57609474006162F4FD6470D /* Pods_Notes.framework */; };
		D4428D5226946D83000340D8 /* AddNotesController.swift in Sources */ = {isa = PBXBuildFile; fileRef = D4428D5126946D83000340D8 /* AddNotesController.swift */; };
		D4428D5426947986000340D8 /* EditNotesController.swift in Sources */ = {isa = PBXBuildFile; fileRef = D4428D5326947986000340D8 /* EditNotesController.swift */; };
		D4428D5726947AF9000340D8 /* Notes+CoreDataClass.swift in Sources */ = {isa = PBXBuildFile; fileRef = D4428D5526947AF9000340D8 /* Notes+CoreDataClass.swift */; };
		D4428D5826947AF9000340D8 /* Notes+CoreDataProperties.swift in Sources */ = {isa = PBXBuildFile; fileRef = D4428D5626947AF9000340D8 /* Notes+CoreDataProperties.swift */; };
		D49175752693246100E0B843 /* AppDelegate.swift in Sources */ = {isa = PBXBuildFile; fileRef = D49175742693246100E0B843 /* AppDelegate.swift */; };
		D49175772693246100E0B843 /* SceneDelegate.swift in Sources */ = {isa = PBXBuildFile; fileRef = D49175762693246100E0B843 /* SceneDelegate.swift */; };
		D49175792693246100E0B843 /* ContainerController.swift in Sources */ = {isa = PBXBuildFile; fileRef = D49175782693246100E0B843 /* ContainerController.swift */; };
		D491757C2693246100E0B843 /* Main.storyboard in Resources */ = {isa = PBXBuildFile; fileRef = D491757A2693246100E0B843 /* Main.storyboard */; };
		D491757F2693246100E0B843 /* Notes.xcdatamodeld in Sources */ = {isa = PBXBuildFile; fileRef = D491757D2693246100E0B843 /* Notes.xcdatamodeld */; };
		D49175812693246600E0B843 /* Assets.xcassets in Resources */ = {isa = PBXBuildFile; fileRef = D49175802693246600E0B843 /* Assets.xcassets */; };
		D49175842693246600E0B843 /* LaunchScreen.storyboard in Resources */ = {isa = PBXBuildFile; fileRef = D49175822693246600E0B843 /* LaunchScreen.storyboard */; };
		D4917590269325C500E0B843 /* HomeController.swift in Sources */ = {isa = PBXBuildFile; fileRef = D491758F269325C500E0B843 /* HomeController.swift */; };
		D49175922693263800E0B843 /* MenuController.swift in Sources */ = {isa = PBXBuildFile; fileRef = D49175912693263800E0B843 /* MenuController.swift */; };
		D49175942693318400E0B843 /* Protocols.swift in Sources */ = {isa = PBXBuildFile; fileRef = D49175932693318400E0B843 /* Protocols.swift */; };
		D49175962693385E00E0B843 /* MenuOptionsCell.swift in Sources */ = {isa = PBXBuildFile; fileRef = D49175952693385E00E0B843 /* MenuOptionsCell.swift */; };
		D491759826933FB700E0B843 /* MenuOptions.swift in Sources */ = {isa = PBXBuildFile; fileRef = D491759726933FB700E0B843 /* MenuOptions.swift */; };
		D491759A2693512500E0B843 /* Extensions.swift in Sources */ = {isa = PBXBuildFile; fileRef = D49175992693512500E0B843 /* Extensions.swift */; };
		D49D47462699715700CF6364 /* FirebaseDataManager.swift in Sources */ = {isa = PBXBuildFile; fileRef = D49D47452699715700CF6364 /* FirebaseDataManager.swift */; };
		D49D47482699716A00CF6364 /* DatabaseManager.swift in Sources */ = {isa = PBXBuildFile; fileRef = D49D47472699716A00CF6364 /* DatabaseManager.swift */; };
		D4C04A1626A16F250041C637 /* ArchiveController.swift in Sources */ = {isa = PBXBuildFile; fileRef = D4C04A1526A16F250041C637 /* ArchiveController.swift */; };
		D4C9C27B2695AD2E00D15908 /* CoreDataManager.swift in Sources */ = {isa = PBXBuildFile; fileRef = D4C9C27A2695AD2E00D15908 /* CoreDataManager.swift */; };
		D4C9C27E2695CA4300D15908 /* GoogleService-Info.plist in Resources */ = {isa = PBXBuildFile; fileRef = D4C9C27D2695CA4300D15908 /* GoogleService-Info.plist */; };
		D4D3884526A2C93C005FF148 /* Users.swift in Sources */ = {isa = PBXBuildFile; fileRef = D4D3884426A2C93C005FF148 /* Users.swift */; };
		D4D3889126A5A4A7005FF148 /* Notes.swift in Sources */ = {isa = PBXBuildFile; fileRef = D4D3889026A5A4A7005FF148 /* Notes.swift */; };
		D4E2C2732695D20600911F8A /* Checker.swift in Sources */ = {isa = PBXBuildFile; fileRef = D4E2C2722695D20600911F8A /* Checker.swift */; };
		D4F6938F26937D9A00798D95 /* LoginController.swift in Sources */ = {isa = PBXBuildFile; fileRef = D4F6938E26937D9A00798D95 /* LoginController.swift */; };
		D4F6939126937E9D00798D95 /* SignUpController.swift in Sources */ = {isa = PBXBuildFile; fileRef = D4F6939026937E9D00798D95 /* SignUpController.swift */; };
		D4F6939526937EE300798D95 /* ProfileController.swift in Sources */ = {isa = PBXBuildFile; fileRef = D4F6939426937EE300798D95 /* ProfileController.swift */; };
		D4F6939726937F1D00798D95 /* ReminderController.swift in Sources */ = {isa = PBXBuildFile; fileRef = D4F6939626937F1D00798D95 /* ReminderController.swift */; };
		D4F693992693884F00798D95 /* NotesCollectionViewCell.swift in Sources */ = {isa = PBXBuildFile; fileRef = D4F693982693884F00798D95 /* NotesCollectionViewCell.swift */; };
/* End PBXBuildFile section */

/* Begin PBXFileReference section */
		43954EA938F93576A97EB59F /* Pods-Notes.release.xcconfig */ = {isa = PBXFileReference; includeInIndex = 1; lastKnownFileType = text.xcconfig; name = "Pods-Notes.release.xcconfig"; path = "Target Support Files/Pods-Notes/Pods-Notes.release.xcconfig"; sourceTree = "<group>"; };
		4D3E42F88B243B0074C84A5D /* Pods-Notes.debug.xcconfig */ = {isa = PBXFileReference; includeInIndex = 1; lastKnownFileType = text.xcconfig; name = "Pods-Notes.debug.xcconfig"; path = "Target Support Files/Pods-Notes/Pods-Notes.debug.xcconfig"; sourceTree = "<group>"; };
		D4428D5126946D83000340D8 /* AddNotesController.swift */ = {isa = PBXFileReference; lastKnownFileType = sourcecode.swift; path = AddNotesController.swift; sourceTree = "<group>"; };
		D4428D5326947986000340D8 /* EditNotesController.swift */ = {isa = PBXFileReference; lastKnownFileType = sourcecode.swift; path = EditNotesController.swift; sourceTree = "<group>"; };
		D4428D5526947AF9000340D8 /* Notes+CoreDataClass.swift */ = {isa = PBXFileReference; lastKnownFileType = sourcecode.swift; path = "Notes+CoreDataClass.swift"; sourceTree = "<group>"; };
		D4428D5626947AF9000340D8 /* Notes+CoreDataProperties.swift */ = {isa = PBXFileReference; lastKnownFileType = sourcecode.swift; path = "Notes+CoreDataProperties.swift"; sourceTree = "<group>"; };
		D49175712693246100E0B843 /* Notes.app */ = {isa = PBXFileReference; explicitFileType = wrapper.application; includeInIndex = 0; path = Notes.app; sourceTree = BUILT_PRODUCTS_DIR; };
		D49175742693246100E0B843 /* AppDelegate.swift */ = {isa = PBXFileReference; lastKnownFileType = sourcecode.swift; path = AppDelegate.swift; sourceTree = "<group>"; };
		D49175762693246100E0B843 /* SceneDelegate.swift */ = {isa = PBXFileReference; lastKnownFileType = sourcecode.swift; path = SceneDelegate.swift; sourceTree = "<group>"; };
		D49175782693246100E0B843 /* ContainerController.swift */ = {isa = PBXFileReference; lastKnownFileType = sourcecode.swift; path = ContainerController.swift; sourceTree = "<group>"; };
		D491757B2693246100E0B843 /* Base */ = {isa = PBXFileReference; lastKnownFileType = file.storyboard; name = Base; path = Base.lproj/Main.storyboard; sourceTree = "<group>"; };
		D491757E2693246100E0B843 /* Notes.xcdatamodel */ = {isa = PBXFileReference; lastKnownFileType = wrapper.xcdatamodel; path = Notes.xcdatamodel; sourceTree = "<group>"; };
		D49175802693246600E0B843 /* Assets.xcassets */ = {isa = PBXFileReference; lastKnownFileType = folder.assetcatalog; path = Assets.xcassets; sourceTree = "<group>"; };
		D49175832693246600E0B843 /* Base */ = {isa = PBXFileReference; lastKnownFileType = file.storyboard; name = Base; path = Base.lproj/LaunchScreen.storyboard; sourceTree = "<group>"; };
		D49175852693246600E0B843 /* Info.plist */ = {isa = PBXFileReference; lastKnownFileType = text.plist.xml; path = Info.plist; sourceTree = "<group>"; };
		D491758F269325C500E0B843 /* HomeController.swift */ = {isa = PBXFileReference; lastKnownFileType = sourcecode.swift; path = HomeController.swift; sourceTree = "<group>"; };
		D49175912693263800E0B843 /* MenuController.swift */ = {isa = PBXFileReference; lastKnownFileType = sourcecode.swift; path = MenuController.swift; sourceTree = "<group>"; };
		D49175932693318400E0B843 /* Protocols.swift */ = {isa = PBXFileReference; lastKnownFileType = sourcecode.swift; path = Protocols.swift; sourceTree = "<group>"; };
		D49175952693385E00E0B843 /* MenuOptionsCell.swift */ = {isa = PBXFileReference; lastKnownFileType = sourcecode.swift; path = MenuOptionsCell.swift; sourceTree = "<group>"; };
		D491759726933FB700E0B843 /* MenuOptions.swift */ = {isa = PBXFileReference; lastKnownFileType = sourcecode.swift; path = MenuOptions.swift; sourceTree = "<group>"; };
		D49175992693512500E0B843 /* Extensions.swift */ = {isa = PBXFileReference; lastKnownFileType = sourcecode.swift; path = Extensions.swift; sourceTree = "<group>"; };
		D49D47452699715700CF6364 /* FirebaseDataManager.swift */ = {isa = PBXFileReference; lastKnownFileType = sourcecode.swift; path = FirebaseDataManager.swift; sourceTree = "<group>"; };
		D49D47472699716A00CF6364 /* DatabaseManager.swift */ = {isa = PBXFileReference; lastKnownFileType = sourcecode.swift; path = DatabaseManager.swift; sourceTree = "<group>"; };
		D4C04A1526A16F250041C637 /* ArchiveController.swift */ = {isa = PBXFileReference; lastKnownFileType = sourcecode.swift; path = ArchiveController.swift; sourceTree = "<group>"; };
		D4C9C27A2695AD2E00D15908 /* CoreDataManager.swift */ = {isa = PBXFileReference; lastKnownFileType = sourcecode.swift; path = CoreDataManager.swift; sourceTree = "<group>"; };
		D4C9C27D2695CA4300D15908 /* GoogleService-Info.plist */ = {isa = PBXFileReference; fileEncoding = 4; lastKnownFileType = text.plist.xml; path = "GoogleService-Info.plist"; sourceTree = "<group>"; };
		D4D3884426A2C93C005FF148 /* Users.swift */ = {isa = PBXFileReference; lastKnownFileType = sourcecode.swift; path = Users.swift; sourceTree = "<group>"; };
		D4D3889026A5A4A7005FF148 /* Notes.swift */ = {isa = PBXFileReference; lastKnownFileType = sourcecode.swift; path = Notes.swift; sourceTree = "<group>"; };
		D4E2C2722695D20600911F8A /* Checker.swift */ = {isa = PBXFileReference; lastKnownFileType = sourcecode.swift; path = Checker.swift; sourceTree = "<group>"; };
		D4F6938E26937D9A00798D95 /* LoginController.swift */ = {isa = PBXFileReference; lastKnownFileType = sourcecode.swift; path = LoginController.swift; sourceTree = "<group>"; };
		D4F6939026937E9D00798D95 /* SignUpController.swift */ = {isa = PBXFileReference; lastKnownFileType = sourcecode.swift; path = SignUpController.swift; sourceTree = "<group>"; };
		D4F6939426937EE300798D95 /* ProfileController.swift */ = {isa = PBXFileReference; lastKnownFileType = sourcecode.swift; path = ProfileController.swift; sourceTree = "<group>"; };
		D4F6939626937F1D00798D95 /* ReminderController.swift */ = {isa = PBXFileReference; lastKnownFileType = sourcecode.swift; path = ReminderController.swift; sourceTree = "<group>"; };
		D4F693982693884F00798D95 /* NotesCollectionViewCell.swift */ = {isa = PBXFileReference; lastKnownFileType = sourcecode.swift; path = NotesCollectionViewCell.swift; sourceTree = "<group>"; };
		F57609474006162F4FD6470D /* Pods_Notes.framework */ = {isa = PBXFileReference; explicitFileType = wrapper.framework; includeInIndex = 0; path = Pods_Notes.framework; sourceTree = BUILT_PRODUCTS_DIR; };
/* End PBXFileReference section */

/* Begin PBXFrameworksBuildPhase section */
		D491756E2693246100E0B843 /* Frameworks */ = {
			isa = PBXFrameworksBuildPhase;
			buildActionMask = 2147483647;
			files = (
				9B0304B467490533300F7F37 /* Pods_Notes.framework in Frameworks */,
			);
			runOnlyForDeploymentPostprocessing = 0;
		};
/* End PBXFrameworksBuildPhase section */

/* Begin PBXGroup section */
		233953FE1545C80D1539C1B0 /* Frameworks */ = {
			isa = PBXGroup;
			children = (
				F57609474006162F4FD6470D /* Pods_Notes.framework */,
			);
			name = Frameworks;
			sourceTree = "<group>";
		};
		2E74121BA6E13FCCAC24B79D /* Pods */ = {
			isa = PBXGroup;
			children = (
				4D3E42F88B243B0074C84A5D /* Pods-Notes.debug.xcconfig */,
				43954EA938F93576A97EB59F /* Pods-Notes.release.xcconfig */,
			);
			path = Pods;
			sourceTree = "<group>";
		};
		D4428D5926947B06000340D8 /* NotesItems */ = {
			isa = PBXGroup;
			children = (
				D4428D5526947AF9000340D8 /* Notes+CoreDataClass.swift */,
				D4428D5626947AF9000340D8 /* Notes+CoreDataProperties.swift */,
			);
			path = NotesItems;
			sourceTree = "<group>";
		};
		D4431D3C269493110063D618 /* NotesFunctionalities */ = {
			isa = PBXGroup;
			children = (
				D4428D5126946D83000340D8 /* AddNotesController.swift */,
				D4428D5326947986000340D8 /* EditNotesController.swift */,
			);
			path = NotesFunctionalities;
			sourceTree = "<group>";
		};
		D4431D3D269493570063D618 /* LoginFunctionalities */ = {
			isa = PBXGroup;
			children = (
				D4F6938E26937D9A00798D95 /* LoginController.swift */,
				D4F6939026937E9D00798D95 /* SignUpController.swift */,
			);
			path = LoginFunctionalities;
			sourceTree = "<group>";
		};
		D49175682693246100E0B843 = {
			isa = PBXGroup;
			children = (
				D49175732693246100E0B843 /* Notes */,
				D49175722693246100E0B843 /* Products */,
				2E74121BA6E13FCCAC24B79D /* Pods */,
				233953FE1545C80D1539C1B0 /* Frameworks */,
			);
			sourceTree = "<group>";
		};
		D49175722693246100E0B843 /* Products */ = {
			isa = PBXGroup;
			children = (
				D49175712693246100E0B843 /* Notes.app */,
			);
			name = Products;
			sourceTree = "<group>";
		};
		D49175732693246100E0B843 /* Notes */ = {
			isa = PBXGroup;
			children = (
				D49175742693246100E0B843 /* AppDelegate.swift */,
				D49175762693246100E0B843 /* SceneDelegate.swift */,
				D4C9C2792695ACAE00D15908 /* API */,
				D491758E2693249200E0B843 /* Utilities */,
				D491758D2693249000E0B843 /* View */,
				D491758C2693248D00E0B843 /* Models */,
				D491758B2693248B00E0B843 /* Controllers */,
				D4C9C27C2695BD6E00D15908 /* StoryBoards */,
				D49175802693246600E0B843 /* Assets.xcassets */,
				D49175852693246600E0B843 /* Info.plist */,
				D4C9C27D2695CA4300D15908 /* GoogleService-Info.plist */,
				D491757D2693246100E0B843 /* Notes.xcdatamodeld */,
				D4428D5926947B06000340D8 /* NotesItems */,
			);
			path = Notes;
			sourceTree = "<group>";
		};
		D491758B2693248B00E0B843 /* Controllers */ = {
			isa = PBXGroup;
			children = (
				D49175782693246100E0B843 /* ContainerController.swift */,
				D491758F269325C500E0B843 /* HomeController.swift */,
				D49175912693263800E0B843 /* MenuController.swift */,
				D4F6939426937EE300798D95 /* ProfileController.swift */,
				D4F6939626937F1D00798D95 /* ReminderController.swift */,
				D4C04A1526A16F250041C637 /* ArchiveController.swift */,
				D4431D3D269493570063D618 /* LoginFunctionalities */,
				D4431D3C269493110063D618 /* NotesFunctionalities */,
			);
			path = Controllers;
			sourceTree = "<group>";
		};
		D491758C2693248D00E0B843 /* Models */ = {
			isa = PBXGroup;
			children = (
				D491759726933FB700E0B843 /* MenuOptions.swift */,
				D4D3884426A2C93C005FF148 /* Users.swift */,
				D4D3889026A5A4A7005FF148 /* Notes.swift */,
			);
			path = Models;
			sourceTree = "<group>";
		};
		D491758D2693249000E0B843 /* View */ = {
			isa = PBXGroup;
			children = (
				D49175952693385E00E0B843 /* MenuOptionsCell.swift */,
				D4F693982693884F00798D95 /* NotesCollectionViewCell.swift */,
			);
			path = View;
			sourceTree = "<group>";
		};
		D491758E2693249200E0B843 /* Utilities */ = {
			isa = PBXGroup;
			children = (
				D49175932693318400E0B843 /* Protocols.swift */,
				D49175992693512500E0B843 /* Extensions.swift */,
				D4E2C2722695D20600911F8A /* Checker.swift */,
			);
			path = Utilities;
			sourceTree = "<group>";
		};
		D4C9C2792695ACAE00D15908 /* API */ = {
			isa = PBXGroup;
			children = (
				D4C9C27A2695AD2E00D15908 /* CoreDataManager.swift */,
				D49D47452699715700CF6364 /* FirebaseDataManager.swift */,
				D49D47472699716A00CF6364 /* DatabaseManager.swift */,
			);
			path = API;
			sourceTree = "<group>";
		};
		D4C9C27C2695BD6E00D15908 /* StoryBoards */ = {
			isa = PBXGroup;
			children = (
				D49175822693246600E0B843 /* LaunchScreen.storyboard */,
				D491757A2693246100E0B843 /* Main.storyboard */,
			);
			path = StoryBoards;
			sourceTree = "<group>";
		};
/* End PBXGroup section */

/* Begin PBXNativeTarget section */
		D49175702693246100E0B843 /* Notes */ = {
			isa = PBXNativeTarget;
			buildConfigurationList = D49175882693246600E0B843 /* Build configuration list for PBXNativeTarget "Notes" */;
			buildPhases = (
				B945687122753202F8EE3239 /* [CP] Check Pods Manifest.lock */,
				D491756D2693246100E0B843 /* Sources */,
				D491756E2693246100E0B843 /* Frameworks */,
				D491756F2693246100E0B843 /* Resources */,
				268CE25F3E18A114969BDB93 /* [CP] Embed Pods Frameworks */,
			);
			buildRules = (
			);
			dependencies = (
			);
			name = Notes;
			productName = Notes;
			productReference = D49175712693246100E0B843 /* Notes.app */;
			productType = "com.apple.product-type.application";
		};
/* End PBXNativeTarget section */

/* Begin PBXProject section */
		D49175692693246100E0B843 /* Project object */ = {
			isa = PBXProject;
			attributes = {
				LastSwiftUpdateCheck = 1250;
				LastUpgradeCheck = 1250;
				TargetAttributes = {
					D49175702693246100E0B843 = {
						CreatedOnToolsVersion = 12.5.1;
					};
				};
			};
			buildConfigurationList = D491756C2693246100E0B843 /* Build configuration list for PBXProject "Notes" */;
			compatibilityVersion = "Xcode 9.3";
			developmentRegion = en;
			hasScannedForEncodings = 0;
			knownRegions = (
				en,
				Base,
			);
			mainGroup = D49175682693246100E0B843;
			productRefGroup = D49175722693246100E0B843 /* Products */;
			projectDirPath = "";
			projectRoot = "";
			targets = (
				D49175702693246100E0B843 /* Notes */,
			);
		};
/* End PBXProject section */

/* Begin PBXResourcesBuildPhase section */
		D491756F2693246100E0B843 /* Resources */ = {
			isa = PBXResourcesBuildPhase;
			buildActionMask = 2147483647;
			files = (
				D49175842693246600E0B843 /* LaunchScreen.storyboard in Resources */,
				D4C9C27E2695CA4300D15908 /* GoogleService-Info.plist in Resources */,
				D49175812693246600E0B843 /* Assets.xcassets in Resources */,
				D491757C2693246100E0B843 /* Main.storyboard in Resources */,
			);
			runOnlyForDeploymentPostprocessing = 0;
		};
/* End PBXResourcesBuildPhase section */

/* Begin PBXShellScriptBuildPhase section */
		268CE25F3E18A114969BDB93 /* [CP] Embed Pods Frameworks */ = {
			isa = PBXShellScriptBuildPhase;
			buildActionMask = 2147483647;
			files = (
			);
			inputFileListPaths = (
				"${PODS_ROOT}/Target Support Files/Pods-Notes/Pods-Notes-frameworks-${CONFIGURATION}-input-files.xcfilelist",
			);
			name = "[CP] Embed Pods Frameworks";
			outputFileListPaths = (
				"${PODS_ROOT}/Target Support Files/Pods-Notes/Pods-Notes-frameworks-${CONFIGURATION}-output-files.xcfilelist",
			);
			runOnlyForDeploymentPostprocessing = 0;
			shellPath = /bin/sh;
			shellScript = "\"${PODS_ROOT}/Target Support Files/Pods-Notes/Pods-Notes-frameworks.sh\"\n";
			showEnvVarsInLog = 0;
		};
		B945687122753202F8EE3239 /* [CP] Check Pods Manifest.lock */ = {
			isa = PBXShellScriptBuildPhase;
			buildActionMask = 2147483647;
			files = (
			);
			inputFileListPaths = (
			);
			inputPaths = (
				"${PODS_PODFILE_DIR_PATH}/Podfile.lock",
				"${PODS_ROOT}/Manifest.lock",
			);
			name = "[CP] Check Pods Manifest.lock";
			outputFileListPaths = (
			);
			outputPaths = (
				"$(DERIVED_FILE_DIR)/Pods-Notes-checkManifestLockResult.txt",
			);
			runOnlyForDeploymentPostprocessing = 0;
			shellPath = /bin/sh;
			shellScript = "diff \"${PODS_PODFILE_DIR_PATH}/Podfile.lock\" \"${PODS_ROOT}/Manifest.lock\" > /dev/null\nif [ $? != 0 ] ; then\n    # print error to STDERR\n    echo \"error: The sandbox is not in sync with the Podfile.lock. Run 'pod install' or update your CocoaPods installation.\" >&2\n    exit 1\nfi\n# This output is used by Xcode 'outputs' to avoid re-running this script phase.\necho \"SUCCESS\" > \"${SCRIPT_OUTPUT_FILE_0}\"\n";
			showEnvVarsInLog = 0;
		};
/* End PBXShellScriptBuildPhase section */

/* Begin PBXSourcesBuildPhase section */
		D491756D2693246100E0B843 /* Sources */ = {
			isa = PBXSourcesBuildPhase;
			buildActionMask = 2147483647;
			files = (
				D4428D5426947986000340D8 /* EditNotesController.swift in Sources */,
				D4D3889126A5A4A7005FF148 /* Notes.swift in Sources */,
				D4F6938F26937D9A00798D95 /* LoginController.swift in Sources */,
				D4E2C2732695D20600911F8A /* Checker.swift in Sources */,
				D49175792693246100E0B843 /* ContainerController.swift in Sources */,
				D4428D5226946D83000340D8 /* AddNotesController.swift in Sources */,
				D49D47482699716A00CF6364 /* DatabaseManager.swift in Sources */,
				D49175962693385E00E0B843 /* MenuOptionsCell.swift in Sources */,
				D49175752693246100E0B843 /* AppDelegate.swift in Sources */,
				D4C04A1626A16F250041C637 /* ArchiveController.swift in Sources */,
				D49175942693318400E0B843 /* Protocols.swift in Sources */,
				D4428D5726947AF9000340D8 /* Notes+CoreDataClass.swift in Sources */,
				D4428D5826947AF9000340D8 /* Notes+CoreDataProperties.swift in Sources */,
				D4D3884526A2C93C005FF148 /* Users.swift in Sources */,
				D49175772693246100E0B843 /* SceneDelegate.swift in Sources */,
				D4F6939526937EE300798D95 /* ProfileController.swift in Sources */,
				D4F693992693884F00798D95 /* NotesCollectionViewCell.swift in Sources */,
				D4F6939726937F1D00798D95 /* ReminderController.swift in Sources */,
				D491759A2693512500E0B843 /* Extensions.swift in Sources */,
				D491757F2693246100E0B843 /* Notes.xcdatamodeld in Sources */,
				D49D47462699715700CF6364 /* FirebaseDataManager.swift in Sources */,
				D49175922693263800E0B843 /* MenuController.swift in Sources */,
				D4917590269325C500E0B843 /* HomeController.swift in Sources */,
				D4C9C27B2695AD2E00D15908 /* CoreDataManager.swift in Sources */,
				D491759826933FB700E0B843 /* MenuOptions.swift in Sources */,
				D4F6939126937E9D00798D95 /* SignUpController.swift in Sources */,
			);
			runOnlyForDeploymentPostprocessing = 0;
		};
/* End PBXSourcesBuildPhase section */

/* Begin PBXVariantGroup section */
		D491757A2693246100E0B843 /* Main.storyboard */ = {
			isa = PBXVariantGroup;
			children = (
				D491757B2693246100E0B843 /* Base */,
			);
			name = Main.storyboard;
			sourceTree = "<group>";
		};
		D49175822693246600E0B843 /* LaunchScreen.storyboard */ = {
			isa = PBXVariantGroup;
			children = (
				D49175832693246600E0B843 /* Base */,
			);
			name = LaunchScreen.storyboard;
			sourceTree = "<group>";
		};
/* End PBXVariantGroup section */

/* Begin XCBuildConfiguration section */
		D49175862693246600E0B843 /* Debug */ = {
			isa = XCBuildConfiguration;
			buildSettings = {
				ALWAYS_SEARCH_USER_PATHS = NO;
				CLANG_ANALYZER_NONNULL = YES;
				CLANG_ANALYZER_NUMBER_OBJECT_CONVERSION = YES_AGGRESSIVE;
				CLANG_CXX_LANGUAGE_STANDARD = "gnu++14";
				CLANG_CXX_LIBRARY = "libc++";
				CLANG_ENABLE_MODULES = YES;
				CLANG_ENABLE_OBJC_ARC = YES;
				CLANG_ENABLE_OBJC_WEAK = YES;
				CLANG_WARN_BLOCK_CAPTURE_AUTORELEASING = YES;
				CLANG_WARN_BOOL_CONVERSION = YES;
				CLANG_WARN_COMMA = YES;
				CLANG_WARN_CONSTANT_CONVERSION = YES;
				CLANG_WARN_DEPRECATED_OBJC_IMPLEMENTATIONS = YES;
				CLANG_WARN_DIRECT_OBJC_ISA_USAGE = YES_ERROR;
				CLANG_WARN_DOCUMENTATION_COMMENTS = YES;
				CLANG_WARN_EMPTY_BODY = YES;
				CLANG_WARN_ENUM_CONVERSION = YES;
				CLANG_WARN_INFINITE_RECURSION = YES;
				CLANG_WARN_INT_CONVERSION = YES;
				CLANG_WARN_NON_LITERAL_NULL_CONVERSION = YES;
				CLANG_WARN_OBJC_IMPLICIT_RETAIN_SELF = YES;
				CLANG_WARN_OBJC_LITERAL_CONVERSION = YES;
				CLANG_WARN_OBJC_ROOT_CLASS = YES_ERROR;
				CLANG_WARN_QUOTED_INCLUDE_IN_FRAMEWORK_HEADER = YES;
				CLANG_WARN_RANGE_LOOP_ANALYSIS = YES;
				CLANG_WARN_STRICT_PROTOTYPES = YES;
				CLANG_WARN_SUSPICIOUS_MOVE = YES;
				CLANG_WARN_UNGUARDED_AVAILABILITY = YES_AGGRESSIVE;
				CLANG_WARN_UNREACHABLE_CODE = YES;
				CLANG_WARN__DUPLICATE_METHOD_MATCH = YES;
				COPY_PHASE_STRIP = NO;
				DEBUG_INFORMATION_FORMAT = dwarf;
				ENABLE_STRICT_OBJC_MSGSEND = YES;
				ENABLE_TESTABILITY = YES;
				GCC_C_LANGUAGE_STANDARD = gnu11;
				GCC_DYNAMIC_NO_PIC = NO;
				GCC_NO_COMMON_BLOCKS = YES;
				GCC_OPTIMIZATION_LEVEL = 0;
				GCC_PREPROCESSOR_DEFINITIONS = (
					"DEBUG=1",
					"$(inherited)",
				);
				GCC_WARN_64_TO_32_BIT_CONVERSION = YES;
				GCC_WARN_ABOUT_RETURN_TYPE = YES_ERROR;
				GCC_WARN_UNDECLARED_SELECTOR = YES;
				GCC_WARN_UNINITIALIZED_AUTOS = YES_AGGRESSIVE;
				GCC_WARN_UNUSED_FUNCTION = YES;
				GCC_WARN_UNUSED_VARIABLE = YES;
				IPHONEOS_DEPLOYMENT_TARGET = 14.5;
				MTL_ENABLE_DEBUG_INFO = INCLUDE_SOURCE;
				MTL_FAST_MATH = YES;
				ONLY_ACTIVE_ARCH = YES;
				SDKROOT = iphoneos;
				SWIFT_ACTIVE_COMPILATION_CONDITIONS = DEBUG;
				SWIFT_OPTIMIZATION_LEVEL = "-Onone";
			};
			name = Debug;
		};
		D49175872693246600E0B843 /* Release */ = {
			isa = XCBuildConfiguration;
			buildSettings = {
				ALWAYS_SEARCH_USER_PATHS = NO;
				CLANG_ANALYZER_NONNULL = YES;
				CLANG_ANALYZER_NUMBER_OBJECT_CONVERSION = YES_AGGRESSIVE;
				CLANG_CXX_LANGUAGE_STANDARD = "gnu++14";
				CLANG_CXX_LIBRARY = "libc++";
				CLANG_ENABLE_MODULES = YES;
				CLANG_ENABLE_OBJC_ARC = YES;
				CLANG_ENABLE_OBJC_WEAK = YES;
				CLANG_WARN_BLOCK_CAPTURE_AUTORELEASING = YES;
				CLANG_WARN_BOOL_CONVERSION = YES;
				CLANG_WARN_COMMA = YES;
				CLANG_WARN_CONSTANT_CONVERSION = YES;
				CLANG_WARN_DEPRECATED_OBJC_IMPLEMENTATIONS = YES;
				CLANG_WARN_DIRECT_OBJC_ISA_USAGE = YES_ERROR;
				CLANG_WARN_DOCUMENTATION_COMMENTS = YES;
				CLANG_WARN_EMPTY_BODY = YES;
				CLANG_WARN_ENUM_CONVERSION = YES;
				CLANG_WARN_INFINITE_RECURSION = YES;
				CLANG_WARN_INT_CONVERSION = YES;
				CLANG_WARN_NON_LITERAL_NULL_CONVERSION = YES;
				CLANG_WARN_OBJC_IMPLICIT_RETAIN_SELF = YES;
				CLANG_WARN_OBJC_LITERAL_CONVERSION = YES;
				CLANG_WARN_OBJC_ROOT_CLASS = YES_ERROR;
				CLANG_WARN_QUOTED_INCLUDE_IN_FRAMEWORK_HEADER = YES;
				CLANG_WARN_RANGE_LOOP_ANALYSIS = YES;
				CLANG_WARN_STRICT_PROTOTYPES = YES;
				CLANG_WARN_SUSPICIOUS_MOVE = YES;
				CLANG_WARN_UNGUARDED_AVAILABILITY = YES_AGGRESSIVE;
				CLANG_WARN_UNREACHABLE_CODE = YES;
				CLANG_WARN__DUPLICATE_METHOD_MATCH = YES;
				COPY_PHASE_STRIP = NO;
				DEBUG_INFORMATION_FORMAT = "dwarf-with-dsym";
				ENABLE_NS_ASSERTIONS = NO;
				ENABLE_STRICT_OBJC_MSGSEND = YES;
				GCC_C_LANGUAGE_STANDARD = gnu11;
				GCC_NO_COMMON_BLOCKS = YES;
				GCC_WARN_64_TO_32_BIT_CONVERSION = YES;
				GCC_WARN_ABOUT_RETURN_TYPE = YES_ERROR;
				GCC_WARN_UNDECLARED_SELECTOR = YES;
				GCC_WARN_UNINITIALIZED_AUTOS = YES_AGGRESSIVE;
				GCC_WARN_UNUSED_FUNCTION = YES;
				GCC_WARN_UNUSED_VARIABLE = YES;
				IPHONEOS_DEPLOYMENT_TARGET = 14.5;
				MTL_ENABLE_DEBUG_INFO = NO;
				MTL_FAST_MATH = YES;
				SDKROOT = iphoneos;
				SWIFT_COMPILATION_MODE = wholemodule;
				SWIFT_OPTIMIZATION_LEVEL = "-O";
				VALIDATE_PRODUCT = YES;
			};
			name = Release;
		};
		D49175892693246600E0B843 /* Debug */ = {
			isa = XCBuildConfiguration;
			baseConfigurationReference = 4D3E42F88B243B0074C84A5D /* Pods-Notes.debug.xcconfig */;
			buildSettings = {
				ASSETCATALOG_COMPILER_APPICON_NAME = AppIcon;
				ASSETCATALOG_COMPILER_GLOBAL_ACCENT_COLOR_NAME = AccentColor;
				CODE_SIGN_STYLE = Automatic;
				INFOPLIST_FILE = Notes/Info.plist;
				LD_RUNPATH_SEARCH_PATHS = (
					"$(inherited)",
					"@executable_path/Frameworks",
				);
				PRODUCT_BUNDLE_IDENTIFIER = Bhushan.Notes;
				PRODUCT_NAME = "$(TARGET_NAME)";
				SWIFT_VERSION = 5.0;
				TARGETED_DEVICE_FAMILY = "1,2";
			};
			name = Debug;
		};
		D491758A2693246600E0B843 /* Release */ = {
			isa = XCBuildConfiguration;
			baseConfigurationReference = 43954EA938F93576A97EB59F /* Pods-Notes.release.xcconfig */;
			buildSettings = {
				ASSETCATALOG_COMPILER_APPICON_NAME = AppIcon;
				ASSETCATALOG_COMPILER_GLOBAL_ACCENT_COLOR_NAME = AccentColor;
				CODE_SIGN_STYLE = Automatic;
				INFOPLIST_FILE = Notes/Info.plist;
				LD_RUNPATH_SEARCH_PATHS = (
					"$(inherited)",
					"@executable_path/Frameworks",
				);
				PRODUCT_BUNDLE_IDENTIFIER = Bhushan.Notes;
				PRODUCT_NAME = "$(TARGET_NAME)";
				SWIFT_VERSION = 5.0;
				TARGETED_DEVICE_FAMILY = "1,2";
			};
			name = Release;
		};
/* End XCBuildConfiguration section */

/* Begin XCConfigurationList section */
		D491756C2693246100E0B843 /* Build configuration list for PBXProject "Notes" */ = {
			isa = XCConfigurationList;
			buildConfigurations = (
				D49175862693246600E0B843 /* Debug */,
				D49175872693246600E0B843 /* Release */,
			);
			defaultConfigurationIsVisible = 0;
			defaultConfigurationName = Release;
		};
		D49175882693246600E0B843 /* Build configuration list for PBXNativeTarget "Notes" */ = {
			isa = XCConfigurationList;
			buildConfigurations = (
				D49175892693246600E0B843 /* Debug */,
				D491758A2693246600E0B843 /* Release */,
			);
			defaultConfigurationIsVisible = 0;
			defaultConfigurationName = Release;
		};
/* End XCConfigurationList section */

/* Begin XCVersionGroup section */
		D491757D2693246100E0B843 /* Notes.xcdatamodeld */ = {
			isa = XCVersionGroup;
			children = (
				D491757E2693246100E0B843 /* Notes.xcdatamodel */,
			);
			currentVersion = D491757E2693246100E0B843 /* Notes.xcdatamodel */;
			path = Notes.xcdatamodeld;
			sourceTree = "<group>";
			versionGroupType = wrapper.xcdatamodel;
		};
/* End XCVersionGroup section */
	};
	rootObject = D49175692693246100E0B843 /* Project object */;
}
